# This file is automatically @generated by Wally.
# It is not intended for manual editing.
registry = "test"

[[package]]
name = "2jammers/profilestore"
version = "0.1.0"
dependencies = []

[[package]]
name = "azvar/runes-battlegrounds"
version = "0.1.0"
dependencies = [["profilestore", "2jammers/profilestore@0.1.0"]]
